// !$*UTF8*$!
{
	archiveVersion = 1;
	classes = {
	};
	objectVersion = 51;
	objects = {

/* Begin PBXBuildFile section */
		B62DD1BF231D58CE0073AF40 /* Main.storyboard in Resources */ = {isa = PBXBuildFile; fileRef = B62DD1BE231D58CE0073AF40 /* Main.storyboard */; };
		B65FE77F23183250009B66BE /* AppDelegate.swift in Sources */ = {isa = PBXBuildFile; fileRef = B65FE77E23183250009B66BE /* AppDelegate.swift */; };
		B65FE78123183250009B66BE /* ViewController.swift in Sources */ = {isa = PBXBuildFile; fileRef = B65FE78023183250009B66BE /* ViewController.swift */; };
		B65FE78923183251009B66BE /* Assets.xcassets in Resources */ = {isa = PBXBuildFile; fileRef = B65FE78823183251009B66BE /* Assets.xcassets */; };
		B65FE78C23183251009B66BE /* LaunchScreen.storyboard in Resources */ = {isa = PBXBuildFile; fileRef = B65FE78A23183251009B66BE /* LaunchScreen.storyboard */; };
		B65FE79723183252009B66BE /* homiesTests.swift in Sources */ = {isa = PBXBuildFile; fileRef = B65FE79623183252009B66BE /* homiesTests.swift */; };
		B67C8A18231E5EFF000A238F /* loginController.swift in Sources */ = {isa = PBXBuildFile; fileRef = B67C8A17231E5EFF000A238F /* loginController.swift */; };
		B6D7A1B2231DBB7700A361EA /* interactor.swift in Sources */ = {isa = PBXBuildFile; fileRef = B6D7A1B1231DBB7700A361EA /* interactor.swift */; };
		B6D7A1B4231DBEED00A361EA /* DismissAnimator.swift in Sources */ = {isa = PBXBuildFile; fileRef = B6D7A1B3231DBEED00A361EA /* DismissAnimator.swift */; };
		B6D7A1B6231DC96800A361EA /* ModalViewController.swift in Sources */ = {isa = PBXBuildFile; fileRef = B6D7A1B5231DC96800A361EA /* ModalViewController.swift */; };
		B6F991052318856A00AE70D2 /* CoreLocation.framework in Frameworks */ = {isa = PBXBuildFile; fileRef = B6F991042318856A00AE70D2 /* CoreLocation.framework */; };
		D606AD7C2102E6ED4A68231C /* Pods_homies.framework in Frameworks */ = {isa = PBXBuildFile; fileRef = 3740C6412AAD9DC34E434097 /* Pods_homies.framework */; };
/* End PBXBuildFile section */

/* Begin PBXContainerItemProxy section */
		B65FE79323183252009B66BE /* PBXContainerItemProxy */ = {
			isa = PBXContainerItemProxy;
			containerPortal = B65FE77323183250009B66BE /* Project object */;
			proxyType = 1;
			remoteGlobalIDString = B65FE77A23183250009B66BE;
			remoteInfo = homies;
		};
/* End PBXContainerItemProxy section */

/* Begin PBXFileReference section */
		3740C6412AAD9DC34E434097 /* Pods_homies.framework */ = {isa = PBXFileReference; explicitFileType = wrapper.framework; includeInIndex = 0; path = Pods_homies.framework; sourceTree = BUILT_PRODUCTS_DIR; };
		77AA04FA3C257316DBFA965A /* Pods-homies.release.xcconfig */ = {isa = PBXFileReference; includeInIndex = 1; lastKnownFileType = text.xcconfig; name = "Pods-homies.release.xcconfig"; path = "Target Support Files/Pods-homies/Pods-homies.release.xcconfig"; sourceTree = "<group>"; };
		AF85BC474739AB4CAE637513 /* Pods-homies.debug.xcconfig */ = {isa = PBXFileReference; includeInIndex = 1; lastKnownFileType = text.xcconfig; name = "Pods-homies.debug.xcconfig"; path = "Target Support Files/Pods-homies/Pods-homies.debug.xcconfig"; sourceTree = "<group>"; };
		B62DD1BE231D58CE0073AF40 /* Main.storyboard */ = {isa = PBXFileReference; lastKnownFileType = file.storyboard; path = Main.storyboard; sourceTree = "<group>"; };
		B65FE77B23183250009B66BE /* homies.app */ = {isa = PBXFileReference; explicitFileType = wrapper.application; includeInIndex = 0; path = homies.app; sourceTree = BUILT_PRODUCTS_DIR; };
		B65FE77E23183250009B66BE /* AppDelegate.swift */ = {isa = PBXFileReference; lastKnownFileType = sourcecode.swift; path = AppDelegate.swift; sourceTree = "<group>"; };
		B65FE78023183250009B66BE /* ViewController.swift */ = {isa = PBXFileReference; lastKnownFileType = sourcecode.swift; path = ViewController.swift; sourceTree = "<group>"; };
		B65FE78823183251009B66BE /* Assets.xcassets */ = {isa = PBXFileReference; lastKnownFileType = folder.assetcatalog; path = Assets.xcassets; sourceTree = "<group>"; };
		B65FE78D23183251009B66BE /* Info.plist */ = {isa = PBXFileReference; lastKnownFileType = text.plist.xml; path = Info.plist; sourceTree = "<group>"; };
		B65FE79223183252009B66BE /* homiesTests.xctest */ = {isa = PBXFileReference; explicitFileType = wrapper.cfbundle; includeInIndex = 0; path = homiesTests.xctest; sourceTree = BUILT_PRODUCTS_DIR; };
		B65FE79623183252009B66BE /* homiesTests.swift */ = {isa = PBXFileReference; lastKnownFileType = sourcecode.swift; path = homiesTests.swift; sourceTree = "<group>"; };
		B65FE79823183252009B66BE /* Info.plist */ = {isa = PBXFileReference; lastKnownFileType = text.plist.xml; path = Info.plist; sourceTree = "<group>"; };
		B67C8A17231E5EFF000A238F /* loginController.swift */ = {isa = PBXFileReference; lastKnownFileType = sourcecode.swift; path = loginController.swift; sourceTree = "<group>"; };
		B689B07A231EF6F9001D6D47 /* fr */ = {isa = PBXFileReference; lastKnownFileType = text.plist.strings; name = fr; path = fr.lproj/LaunchScreen.strings; sourceTree = "<group>"; };
		B689B07B231EF709001D6D47 /* fr */ = {isa = PBXFileReference; lastKnownFileType = file.storyboard; name = fr; path = fr.lproj/LaunchScreen.storyboard; sourceTree = "<group>"; };
		B6D7A1B1231DBB7700A361EA /* interactor.swift */ = {isa = PBXFileReference; lastKnownFileType = sourcecode.swift; path = interactor.swift; sourceTree = "<group>"; };
		B6D7A1B3231DBEED00A361EA /* DismissAnimator.swift */ = {isa = PBXFileReference; lastKnownFileType = sourcecode.swift; path = DismissAnimator.swift; sourceTree = "<group>"; };
		B6D7A1B5231DC96800A361EA /* ModalViewController.swift */ = {isa = PBXFileReference; lastKnownFileType = sourcecode.swift; path = ModalViewController.swift; sourceTree = "<group>"; };
		B6F991042318856A00AE70D2 /* CoreLocation.framework */ = {isa = PBXFileReference; lastKnownFileType = wrapper.framework; name = CoreLocation.framework; path = System/Library/Frameworks/CoreLocation.framework; sourceTree = SDKROOT; };
/* End PBXFileReference section */

/* Begin PBXFrameworksBuildPhase section */
		B65FE77823183250009B66BE /* Frameworks */ = {
			isa = PBXFrameworksBuildPhase;
			buildActionMask = 2147483647;
			files = (
				B6F991052318856A00AE70D2 /* CoreLocation.framework in Frameworks */,
				D606AD7C2102E6ED4A68231C /* Pods_homies.framework in Frameworks */,
			);
			runOnlyForDeploymentPostprocessing = 0;
		};
		B65FE78F23183252009B66BE /* Frameworks */ = {
			isa = PBXFrameworksBuildPhase;
			buildActionMask = 2147483647;
			files = (
			);
			runOnlyForDeploymentPostprocessing = 0;
		};
/* End PBXFrameworksBuildPhase section */

/* Begin PBXGroup section */
		5FD54C6C2F5A817E4E3BCE22 /* Frameworks */ = {
			isa = PBXGroup;
			children = (
				B6F991042318856A00AE70D2 /* CoreLocation.framework */,
				3740C6412AAD9DC34E434097 /* Pods_homies.framework */,
			);
			name = Frameworks;
			sourceTree = "<group>";
		};
		B65FE77223183250009B66BE = {
			isa = PBXGroup;
			children = (
				B65FE77D23183250009B66BE /* homies */,
				B65FE79523183252009B66BE /* homiesTests */,
				B65FE77C23183250009B66BE /* Products */,
				CB766D677427D53176579B3A /* Pods */,
				5FD54C6C2F5A817E4E3BCE22 /* Frameworks */,
			);
			sourceTree = "<group>";
		};
		B65FE77C23183250009B66BE /* Products */ = {
			isa = PBXGroup;
			children = (
				B65FE77B23183250009B66BE /* homies.app */,
				B65FE79223183252009B66BE /* homiesTests.xctest */,
			);
			name = Products;
			sourceTree = "<group>";
		};
		B65FE77D23183250009B66BE /* homies */ = {
			isa = PBXGroup;
			children = (
				B684A8F8231E75A600CA41A5 /* View */,
				B684A8F7231E759500CA41A5 /* API */,
				B65FE77E23183250009B66BE /* AppDelegate.swift */,
				B62DD1BE231D58CE0073AF40 /* Main.storyboard */,
				B65FE78823183251009B66BE /* Assets.xcassets */,
				B65FE78A23183251009B66BE /* LaunchScreen.storyboard */,
				B65FE78D23183251009B66BE /* Info.plist */,
			);
			path = homies;
			sourceTree = "<group>";
		};
		B65FE79523183252009B66BE /* homiesTests */ = {
			isa = PBXGroup;
			children = (
				B65FE79623183252009B66BE /* homiesTests.swift */,
				B65FE79823183252009B66BE /* Info.plist */,
			);
			path = homiesTests;
			sourceTree = "<group>";
		};
		B684A8F7231E759500CA41A5 /* API */ = {
			isa = PBXGroup;
			children = (
				B67C8A17231E5EFF000A238F /* loginController.swift */,
			);
			path = API;
			sourceTree = "<group>";
		};
		B684A8F8231E75A600CA41A5 /* View */ = {
			isa = PBXGroup;
			children = (
				B65FE78023183250009B66BE /* ViewController.swift */,
				B6D7A1B5231DC96800A361EA /* ModalViewController.swift */,
				B6D7A1B3231DBEED00A361EA /* DismissAnimator.swift */,
				B6D7A1B1231DBB7700A361EA /* interactor.swift */,
			);
			path = View;
			sourceTree = "<group>";
		};
		CB766D677427D53176579B3A /* Pods */ = {
			isa = PBXGroup;
			children = (
				AF85BC474739AB4CAE637513 /* Pods-homies.debug.xcconfig */,
				77AA04FA3C257316DBFA965A /* Pods-homies.release.xcconfig */,
			);
			path = Pods;
			sourceTree = "<group>";
		};
/* End PBXGroup section */

/* Begin PBXNativeTarget section */
		B65FE77A23183250009B66BE /* homies */ = {
			isa = PBXNativeTarget;
			buildConfigurationList = B65FE79B23183252009B66BE /* Build configuration list for PBXNativeTarget "homies" */;
			buildPhases = (
				45D55434D0417A41ACC3DEE8 /* [CP] Check Pods Manifest.lock */,
				B65FE77723183250009B66BE /* Sources */,
				B65FE77823183250009B66BE /* Frameworks */,
				B65FE77923183250009B66BE /* Resources */,
				A74E2C1FC821C7B40DF88A06 /* [CP] Embed Pods Frameworks */,
			);
			buildRules = (
			);
			dependencies = (
			);
			name = homies;
			productName = homies;
			productReference = B65FE77B23183250009B66BE /* homies.app */;
			productType = "com.apple.product-type.application";
		};
		B65FE79123183252009B66BE /* homiesTests */ = {
			isa = PBXNativeTarget;
			buildConfigurationList = B65FE79E23183252009B66BE /* Build configuration list for PBXNativeTarget "homiesTests" */;
			buildPhases = (
				B65FE78E23183252009B66BE /* Sources */,
				B65FE78F23183252009B66BE /* Frameworks */,
				B65FE79023183252009B66BE /* Resources */,
			);
			buildRules = (
			);
			dependencies = (
				B65FE79423183252009B66BE /* PBXTargetDependency */,
			);
			name = homiesTests;
			productName = homiesTests;
			productReference = B65FE79223183252009B66BE /* homiesTests.xctest */;
			productType = "com.apple.product-type.bundle.unit-test";
		};
/* End PBXNativeTarget section */

/* Begin PBXProject section */
		B65FE77323183250009B66BE /* Project object */ = {
			isa = PBXProject;
			attributes = {
				LastSwiftUpdateCheck = 1030;
				LastUpgradeCheck = 1030;
				ORGANIZATIONNAME = "vidal françois";
				TargetAttributes = {
					B65FE77A23183250009B66BE = {
						CreatedOnToolsVersion = 10.3;
					};
					B65FE79123183252009B66BE = {
						CreatedOnToolsVersion = 10.3;
						TestTargetID = B65FE77A23183250009B66BE;
					};
				};
			};
			buildConfigurationList = B65FE77623183250009B66BE /* Build configuration list for PBXProject "homies" */;
			compatibilityVersion = "Xcode 10.0";
			developmentRegion = en;
			hasScannedForEncodings = 0;
			knownRegions = (
				en,
				fr,
			);
			mainGroup = B65FE77223183250009B66BE;
			productRefGroup = B65FE77C23183250009B66BE /* Products */;
			projectDirPath = "";
			projectRoot = "";
			targets = (
				B65FE77A23183250009B66BE /* homies */,
				B65FE79123183252009B66BE /* homiesTests */,
			);
		};
/* End PBXProject section */

/* Begin PBXResourcesBuildPhase section */
		B65FE77923183250009B66BE /* Resources */ = {
			isa = PBXResourcesBuildPhase;
			buildActionMask = 2147483647;
			files = (
				B65FE78C23183251009B66BE /* LaunchScreen.storyboard in Resources */,
				B62DD1BF231D58CE0073AF40 /* Main.storyboard in Resources */,
				B65FE78923183251009B66BE /* Assets.xcassets in Resources */,
			);
			runOnlyForDeploymentPostprocessing = 0;
		};
		B65FE79023183252009B66BE /* Resources */ = {
			isa = PBXResourcesBuildPhase;
			buildActionMask = 2147483647;
			files = (
			);
			runOnlyForDeploymentPostprocessing = 0;
		};
/* End PBXResourcesBuildPhase section */

/* Begin PBXShellScriptBuildPhase section */
		45D55434D0417A41ACC3DEE8 /* [CP] Check Pods Manifest.lock */ = {
			isa = PBXShellScriptBuildPhase;
			buildActionMask = 2147483647;
			files = (
			);
			inputFileListPaths = (
			);
			inputPaths = (
				"${PODS_PODFILE_DIR_PATH}/Podfile.lock",
				"${PODS_ROOT}/Manifest.lock",
			);
			name = "[CP] Check Pods Manifest.lock";
			outputFileListPaths = (
			);
			outputPaths = (
				"$(DERIVED_FILE_DIR)/Pods-homies-checkManifestLockResult.txt",
			);
			runOnlyForDeploymentPostprocessing = 0;
			shellPath = /bin/sh;
			shellScript = "diff \"${PODS_PODFILE_DIR_PATH}/Podfile.lock\" \"${PODS_ROOT}/Manifest.lock\" > /dev/null\nif [ $? != 0 ] ; then\n    # print error to STDERR\n    echo \"error: The sandbox is not in sync with the Podfile.lock. Run 'pod install' or update your CocoaPods installation.\" >&2\n    exit 1\nfi\n# This output is used by Xcode 'outputs' to avoid re-running this script phase.\necho \"SUCCESS\" > \"${SCRIPT_OUTPUT_FILE_0}\"\n";
			showEnvVarsInLog = 0;
		};
		A74E2C1FC821C7B40DF88A06 /* [CP] Embed Pods Frameworks */ = {
			isa = PBXShellScriptBuildPhase;
			buildActionMask = 2147483647;
			files = (
			);
			inputFileListPaths = (
				"${PODS_ROOT}/Target Support Files/Pods-homies/Pods-homies-frameworks-${CONFIGURATION}-input-files.xcfilelist",
			);
			name = "[CP] Embed Pods Frameworks";
			outputFileListPaths = (
				"${PODS_ROOT}/Target Support Files/Pods-homies/Pods-homies-frameworks-${CONFIGURATION}-output-files.xcfilelist",
			);
			runOnlyForDeploymentPostprocessing = 0;
			shellPath = /bin/sh;
			shellScript = "\"${PODS_ROOT}/Target Support Files/Pods-homies/Pods-homies-frameworks.sh\"\n";
			showEnvVarsInLog = 0;
		};
/* End PBXShellScriptBuildPhase section */

/* Begin PBXSourcesBuildPhase section */
		B65FE77723183250009B66BE /* Sources */ = {
			isa = PBXSourcesBuildPhase;
			buildActionMask = 2147483647;
			files = (
				B65FE78123183250009B66BE /* ViewController.swift in Sources */,
				B6D7A1B6231DC96800A361EA /* ModalViewController.swift in Sources */,
				B6D7A1B2231DBB7700A361EA /* interactor.swift in Sources */,
				B67C8A18231E5EFF000A238F /* loginController.swift in Sources */,
				B6D7A1B4231DBEED00A361EA /* DismissAnimator.swift in Sources */,
				B65FE77F23183250009B66BE /* AppDelegate.swift in Sources */,
			);
			runOnlyForDeploymentPostprocessing = 0;
		};
		B65FE78E23183252009B66BE /* Sources */ = {
			isa = PBXSourcesBuildPhase;
			buildActionMask = 2147483647;
			files = (
				B65FE79723183252009B66BE /* homiesTests.swift in Sources */,
			);
			runOnlyForDeploymentPostprocessing = 0;
		};
/* End PBXSourcesBuildPhase section */

/* Begin PBXTargetDependency section */
		B65FE79423183252009B66BE /* PBXTargetDependency */ = {
			isa = PBXTargetDependency;
			target = B65FE77A23183250009B66BE /* homies */;
			targetProxy = B65FE79323183252009B66BE /* PBXContainerItemProxy */;
		};
/* End PBXTargetDependency section */

/* Begin PBXVariantGroup section */
		B65FE78A23183251009B66BE /* LaunchScreen.storyboard */ = {
			isa = PBXVariantGroup;
			children = (
				B689B07A231EF6F9001D6D47 /* fr */,
				B689B07B231EF709001D6D47 /* fr */,
			);
			name = LaunchScreen.storyboard;
			sourceTree = "<group>";
		};
/* End PBXVariantGroup section */

/* Begin XCBuildConfiguration section */
		B65FE79923183252009B66BE /* Debug */ = {
			isa = XCBuildConfiguration;
			buildSettings = {
				ALWAYS_SEARCH_USER_PATHS = NO;
				CLANG_ANALYZER_LOCALIZABILITY_NONLOCALIZED = YES;
				CLANG_ANALYZER_NONNULL = YES;
				CLANG_ANALYZER_NUMBER_OBJECT_CONVERSION = YES_AGGRESSIVE;
				CLANG_CXX_LANGUAGE_STANDARD = "gnu++14";
				CLANG_CXX_LIBRARY = "libc++";
				CLANG_ENABLE_MODULES = YES;
				CLANG_ENABLE_OBJC_ARC = YES;
				CLANG_ENABLE_OBJC_WEAK = YES;
				CLANG_WARN_BLOCK_CAPTURE_AUTORELEASING = YES;
				CLANG_WARN_BOOL_CONVERSION = YES;
				CLANG_WARN_COMMA = YES;
				CLANG_WARN_CONSTANT_CONVERSION = YES;
				CLANG_WARN_DEPRECATED_OBJC_IMPLEMENTATIONS = YES;
				CLANG_WARN_DIRECT_OBJC_ISA_USAGE = YES_ERROR;
				CLANG_WARN_DOCUMENTATION_COMMENTS = YES;
				CLANG_WARN_EMPTY_BODY = YES;
				CLANG_WARN_ENUM_CONVERSION = YES;
				CLANG_WARN_INFINITE_RECURSION = YES;
				CLANG_WARN_INT_CONVERSION = YES;
				CLANG_WARN_NON_LITERAL_NULL_CONVERSION = YES;
				CLANG_WARN_OBJC_IMPLICIT_RETAIN_SELF = YES;
				CLANG_WARN_OBJC_LITERAL_CONVERSION = YES;
				CLANG_WARN_OBJC_ROOT_CLASS = YES_ERROR;
				CLANG_WARN_RANGE_LOOP_ANALYSIS = YES;
				CLANG_WARN_STRICT_PROTOTYPES = YES;
				CLANG_WARN_SUSPICIOUS_MOVE = YES;
				CLANG_WARN_UNGUARDED_AVAILABILITY = YES_AGGRESSIVE;
				CLANG_WARN_UNREACHABLE_CODE = YES;
				CLANG_WARN__DUPLICATE_METHOD_MATCH = YES;
				CODE_SIGN_IDENTITY = "iPhone Developer";
				COPY_PHASE_STRIP = NO;
				DEBUG_INFORMATION_FORMAT = dwarf;
				ENABLE_STRICT_OBJC_MSGSEND = YES;
				ENABLE_TESTABILITY = YES;
				GCC_C_LANGUAGE_STANDARD = gnu11;
				GCC_DYNAMIC_NO_PIC = NO;
				GCC_NO_COMMON_BLOCKS = YES;
				GCC_OPTIMIZATION_LEVEL = 0;
				GCC_PREPROCESSOR_DEFINITIONS = (
					"DEBUG=1",
					"$(inherited)",
				);
				GCC_WARN_64_TO_32_BIT_CONVERSION = YES;
				GCC_WARN_ABOUT_RETURN_TYPE = YES_ERROR;
				GCC_WARN_UNDECLARED_SELECTOR = YES;
				GCC_WARN_UNINITIALIZED_AUTOS = YES_AGGRESSIVE;
				GCC_WARN_UNUSED_FUNCTION = YES;
				GCC_WARN_UNUSED_VARIABLE = YES;
				IPHONEOS_DEPLOYMENT_TARGET = 12.4;
				MTL_ENABLE_DEBUG_INFO = INCLUDE_SOURCE;
				MTL_FAST_MATH = YES;
				ONLY_ACTIVE_ARCH = YES;
				SDKROOT = iphoneos;
				SWIFT_ACTIVE_COMPILATION_CONDITIONS = DEBUG;
				SWIFT_OPTIMIZATION_LEVEL = "-Onone";
			};
			name = Debug;
		};
		B65FE79A23183252009B66BE /* Release */ = {
			isa = XCBuildConfiguration;
			buildSettings = {
				ALWAYS_SEARCH_USER_PATHS = NO;
				CLANG_ANALYZER_LOCALIZABILITY_NONLOCALIZED = YES;
				CLANG_ANALYZER_NONNULL = YES;
				CLANG_ANALYZER_NUMBER_OBJECT_CONVERSION = YES_AGGRESSIVE;
				CLANG_CXX_LANGUAGE_STANDARD = "gnu++14";
				CLANG_CXX_LIBRARY = "libc++";
				CLANG_ENABLE_MODULES = YES;
				CLANG_ENABLE_OBJC_ARC = YES;
				CLANG_ENABLE_OBJC_WEAK = YES;
				CLANG_WARN_BLOCK_CAPTURE_AUTORELEASING = YES;
				CLANG_WARN_BOOL_CONVERSION = YES;
				CLANG_WARN_COMMA = YES;
				CLANG_WARN_CONSTANT_CONVERSION = YES;
				CLANG_WARN_DEPRECATED_OBJC_IMPLEMENTATIONS = YES;
				CLANG_WARN_DIRECT_OBJC_ISA_USAGE = YES_ERROR;
				CLANG_WARN_DOCUMENTATION_COMMENTS = YES;
				CLANG_WARN_EMPTY_BODY = YES;
				CLANG_WARN_ENUM_CONVERSION = YES;
				CLANG_WARN_INFINITE_RECURSION = YES;
				CLANG_WARN_INT_CONVERSION = YES;
				CLANG_WARN_NON_LITERAL_NULL_CONVERSION = YES;
				CLANG_WARN_OBJC_IMPLICIT_RETAIN_SELF = YES;
				CLANG_WARN_OBJC_LITERAL_CONVERSION = YES;
				CLANG_WARN_OBJC_ROOT_CLASS = YES_ERROR;
				CLANG_WARN_RANGE_LOOP_ANALYSIS = YES;
				CLANG_WARN_STRICT_PROTOTYPES = YES;
				CLANG_WARN_SUSPICIOUS_MOVE = YES;
				CLANG_WARN_UNGUARDED_AVAILABILITY = YES_AGGRESSIVE;
				CLANG_WARN_UNREACHABLE_CODE = YES;
				CLANG_WARN__DUPLICATE_METHOD_MATCH = YES;
				CODE_SIGN_IDENTITY = "iPhone Developer";
				COPY_PHASE_STRIP = NO;
				DEBUG_INFORMATION_FORMAT = "dwarf-with-dsym";
				ENABLE_NS_ASSERTIONS = NO;
				ENABLE_STRICT_OBJC_MSGSEND = YES;
				GCC_C_LANGUAGE_STANDARD = gnu11;
				GCC_NO_COMMON_BLOCKS = YES;
				GCC_WARN_64_TO_32_BIT_CONVERSION = YES;
				GCC_WARN_ABOUT_RETURN_TYPE = YES_ERROR;
				GCC_WARN_UNDECLARED_SELECTOR = YES;
				GCC_WARN_UNINITIALIZED_AUTOS = YES_AGGRESSIVE;
				GCC_WARN_UNUSED_FUNCTION = YES;
				GCC_WARN_UNUSED_VARIABLE = YES;
				IPHONEOS_DEPLOYMENT_TARGET = 12.4;
				MTL_ENABLE_DEBUG_INFO = NO;
				MTL_FAST_MATH = YES;
				SDKROOT = iphoneos;
				SWIFT_COMPILATION_MODE = wholemodule;
				SWIFT_OPTIMIZATION_LEVEL = "-O";
				VALIDATE_PRODUCT = YES;
			};
			name = Release;
		};
		B65FE79C23183252009B66BE /* Debug */ = {
			isa = XCBuildConfiguration;
			baseConfigurationReference = AF85BC474739AB4CAE637513 /* Pods-homies.debug.xcconfig */;
			buildSettings = {
				ASSETCATALOG_COMPILER_APPICON_NAME = AppIcon;
				CODE_SIGN_STYLE = Automatic;
				DEVELOPMENT_TEAM = 9DJHH4ZSN5;
				INFOPLIST_FILE = homies/Info.plist;
				IPHONEOS_DEPLOYMENT_TARGET = 13.0;
				LD_RUNPATH_SEARCH_PATHS = (
					"$(inherited)",
					"@executable_path/Frameworks",
				);
				PRODUCT_BUNDLE_IDENTIFIER = vidal.homies;
				PRODUCT_NAME = "$(TARGET_NAME)";
				SWIFT_VERSION = 5.0;
				TARGETED_DEVICE_FAMILY = "1,2";
			};
			name = Debug;
		};
		B65FE79D23183252009B66BE /* Release */ = {
			isa = XCBuildConfiguration;
			baseConfigurationReference = 77AA04FA3C257316DBFA965A /* Pods-homies.release.xcconfig */;
			buildSettings = {
				ASSETCATALOG_COMPILER_APPICON_NAME = AppIcon;
				CODE_SIGN_STYLE = Automatic;
				DEVELOPMENT_TEAM = 9DJHH4ZSN5;
				INFOPLIST_FILE = homies/Info.plist;
				IPHONEOS_DEPLOYMENT_TARGET = 13.0;
				LD_RUNPATH_SEARCH_PATHS = (
					"$(inherited)",
					"@executable_path/Frameworks",
				);
				PRODUCT_BUNDLE_IDENTIFIER = vidal.homies;
				PRODUCT_NAME = "$(TARGET_NAME)";
				SWIFT_VERSION = 5.0;
				TARGETED_DEVICE_FAMILY = "1,2";
			};
			name = Release;
		};
		B65FE79F23183252009B66BE /* Debug */ = {
			isa = XCBuildConfiguration;
			buildSettings = {
				ALWAYS_EMBED_SWIFT_STANDARD_LIBRARIES = YES;
				BUNDLE_LOADER = "$(TEST_HOST)";
				CODE_SIGN_STYLE = Automatic;
				DEVELOPMENT_TEAM = 9DJHH4ZSN5;
				INFOPLIST_FILE = homiesTests/Info.plist;
				LD_RUNPATH_SEARCH_PATHS = (
					"$(inherited)",
					"@executable_path/Frameworks",
					"@loader_path/Frameworks",
				);
				PRODUCT_BUNDLE_IDENTIFIER = vidal.homiesTests;
				PRODUCT_NAME = "$(TARGET_NAME)";
				SWIFT_VERSION = 5.0;
				TARGETED_DEVICE_FAMILY = "1,2";
				TEST_HOST = "$(BUILT_PRODUCTS_DIR)/homies.app/homies";
			};
			name = Debug;
		};
		B65FE7A023183252009B66BE /* Release */ = {
			isa = XCBuildConfiguration;
			buildSettings = {
				ALWAYS_EMBED_SWIFT_STANDARD_LIBRARIES = YES;
				BUNDLE_LOADER = "$(TEST_HOST)";
				CODE_SIGN_STYLE = Automatic;
				DEVELOPMENT_TEAM = 9DJHH4ZSN5;
				INFOPLIST_FILE = homiesTests/Info.plist;
				LD_RUNPATH_SEARCH_PATHS = (
					"$(inherited)",
					"@executable_path/Frameworks",
					"@loader_path/Frameworks",
				);
				PRODUCT_BUNDLE_IDENTIFIER = vidal.homiesTests;
				PRODUCT_NAME = "$(TARGET_NAME)";
				SWIFT_VERSION = 5.0;
				TARGETED_DEVICE_FAMILY = "1,2";
				TEST_HOST = "$(BUILT_PRODUCTS_DIR)/homies.app/homies";
			};
			name = Release;
		};
/* End XCBuildConfiguration section */

/* Begin XCConfigurationList section */
		B65FE77623183250009B66BE /* Build configuration list for PBXProject "homies" */ = {
			isa = XCConfigurationList;
			buildConfigurations = (
				B65FE79923183252009B66BE /* Debug */,
				B65FE79A23183252009B66BE /* Release */,
			);
			defaultConfigurationIsVisible = 0;
			defaultConfigurationName = Release;
		};
		B65FE79B23183252009B66BE /* Build configuration list for PBXNativeTarget "homies" */ = {
			isa = XCConfigurationList;
			buildConfigurations = (
				B65FE79C23183252009B66BE /* Debug */,
				B65FE79D23183252009B66BE /* Release */,
			);
			defaultConfigurationIsVisible = 0;
			defaultConfigurationName = Release;
		};
		B65FE79E23183252009B66BE /* Build configuration list for PBXNativeTarget "homiesTests" */ = {
			isa = XCConfigurationList;
			buildConfigurations = (
				B65FE79F23183252009B66BE /* Debug */,
				B65FE7A023183252009B66BE /* Release */,
			);
			defaultConfigurationIsVisible = 0;
			defaultConfigurationName = Release;
		};
/* End XCConfigurationList section */
	};
	rootObject = B65FE77323183250009B66BE /* Project object */;
}
